{
  "version": "5",
  "specifiers": {
    "jsr:@std/assert@1": "1.0.14",
    "jsr:@std/internal@^1.0.10": "1.0.10",
    "npm:@types/node@*": "22.15.15",
    "npm:cbor-x@1.6.0": "1.6.0"
  },
  "jsr": {
    "@std/assert@1.0.14": {
      "integrity": "68d0d4a43b365abc927f45a9b85c639ea18a9fab96ad92281e493e4ed84abaa4",
      "dependencies": [
        "jsr:@std/internal"
      ]
    },
    "@std/internal@1.0.10": {
      "integrity": "e3be62ce42cab0e177c27698e5d9800122f67b766a0bea6ca4867886cbde8cf7"
    }
  },
  "npm": {
    "@cbor-extract/cbor-extract-darwin-arm64@2.2.0": {
      "integrity": "sha512-P7swiOAdF7aSi0H+tHtHtr6zrpF3aAq/W9FXx5HektRvLTM2O89xCyXF3pk7pLc7QpaY7AoaE8UowVf9QBdh3w==",
      "os": ["darwin"],
      "cpu": ["arm64"]
    },
    "@cbor-extract/cbor-extract-darwin-x64@2.2.0": {
      "integrity": "sha512-1liF6fgowph0JxBbYnAS7ZlqNYLf000Qnj4KjqPNW4GViKrEql2MgZnAsExhY9LSy8dnvA4C0qHEBgPrll0z0w==",
      "os": ["darwin"],
      "cpu": ["x64"]
    },
    "@cbor-extract/cbor-extract-linux-arm64@2.2.0": {
      "integrity": "sha512-rQvhNmDuhjTVXSPFLolmQ47/ydGOFXtbR7+wgkSY0bdOxCFept1hvg59uiLPT2fVDuJFuEy16EImo5tE2x3RsQ==",
      "os": ["linux"],
      "cpu": ["arm64"]
    },
    "@cbor-extract/cbor-extract-linux-arm@2.2.0": {
      "integrity": "sha512-QeBcBXk964zOytiedMPQNZr7sg0TNavZeuUCD6ON4vEOU/25+pLhNN6EDIKJ9VLTKaZ7K7EaAriyYQ1NQ05s/Q==",
      "os": ["linux"],
      "cpu": ["arm"]
    },
    "@cbor-extract/cbor-extract-linux-x64@2.2.0": {
      "integrity": "sha512-cWLAWtT3kNLHSvP4RKDzSTX9o0wvQEEAj4SKvhWuOVZxiDAeQazr9A+PSiRILK1VYMLeDml89ohxCnUNQNQNCw==",
      "os": ["linux"],
      "cpu": ["x64"]
    },
    "@cbor-extract/cbor-extract-win32-x64@2.2.0": {
      "integrity": "sha512-l2M+Z8DO2vbvADOBNLbbh9y5ST1RY5sqkWOg/58GkUPBYou/cuNZ68SGQ644f1CvZ8kcOxyZtw06+dxWHIoN/w==",
      "os": ["win32"],
      "cpu": ["x64"]
    },
    "@types/node@22.15.15": {
      "integrity": "sha512-R5muMcZob3/Jjchn5LcO8jdKwSCbzqmPB6ruBxMcf9kbxtniZHP327s6C37iOfuw8mbKK3cAQa7sEl7afLrQ8A==",
      "dependencies": [
        "undici-types"
      ]
    },
    "cbor-extract@2.2.0": {
      "integrity": "sha512-Ig1zM66BjLfTXpNgKpvBePq271BPOvu8MR0Jl080yG7Jsl+wAZunfrwiwA+9ruzm/WEdIV5QF/bjDZTqyAIVHA==",
      "dependencies": [
        "node-gyp-build-optional-packages"
      ],
      "optionalDependencies": [
        "@cbor-extract/cbor-extract-darwin-arm64",
        "@cbor-extract/cbor-extract-darwin-x64",
        "@cbor-extract/cbor-extract-linux-arm",
        "@cbor-extract/cbor-extract-linux-arm64",
        "@cbor-extract/cbor-extract-linux-x64",
        "@cbor-extract/cbor-extract-win32-x64"
      ],
      "scripts": true,
      "bin": true
    },
    "cbor-x@1.6.0": {
      "integrity": "sha512-0kareyRwHSkL6ws5VXHEf8uY1liitysCVJjlmhaLG+IXLqhSaOO+t63coaso7yjwEzWZzLy8fJo06gZDVQM9Qg==",
      "optionalDependencies": [
        "cbor-extract"
      ]
    },
    "detect-libc@2.0.4": {
      "integrity": "sha512-3UDv+G9CsCKO1WKMGw9fwq/SWJYbI0c5Y7LU1AXYoDdbhE2AHQ6N6Nb34sG8Fj7T5APy8qXDCKuuIHd1BR0tVA=="
    },
    "node-gyp-build-optional-packages@5.1.1": {
      "integrity": "sha512-+P72GAjVAbTxjjwUmwjVrqrdZROD4nf8KgpBoDxqXXTiYZZt/ud60dE5yvCSr9lRO8e8yv6kgJIC0K0PfZFVQw==",
      "dependencies": [
        "detect-libc"
      ],
      "bin": true
    },
    "undici-types@6.21.0": {
      "integrity": "sha512-iwDZqg0QAGrg9Rav5H4n0M64c3mkR59cJ6wQp+7C4nI0gsmExaedaYLNO44eT4AtBBwjbTiGPMlt2Md0T9H9JQ=="
    }
  },
  "workspace": {
    "dependencies": [
      "jsr:@std/assert@1",
      "npm:cbor-x@1.6.0"
    ]
  }
}
